<?xml version="1.0" encoding="utf-8"?>
<Project ToolsVersion="4.0" xmlns="http://schemas.microsoft.com/developer/msbuild/2003">
  <ItemGroup>
    <Filter Include="Source Files">
      <UniqueIdentifier>{4FC737F1-C7A5-4376-A066-2A32D752A2FF}</UniqueIdentifier>
      <Extensions>cpp;c;cc;cxx;def;odl;idl;hpj;bat;asm;asmx</Extensions>
    </Filter>
    <Filter Include="Header Files">
      <UniqueIdentifier>{93995380-89BD-4b04-88EB-625FBE52EBFB}</UniqueIdentifier>
      <Extensions>h;hh;hpp;hxx;hm;inl;inc;xsd</Extensions>
    </Filter>
    <Filter Include="Resource Files">
      <UniqueIdentifier>{67DA6AB6-F800-4c08-8B7A-83BB121AAD01}</UniqueIdentifier>
      <Extensions>rc;ico;cur;bmp;dlg;rc2;rct;bin;rgs;gif;jpg;jpeg;jpe;resx;tiff;tif;png;wav;mfcribbon-ms</Extensions>
    </Filter>
    <Filter Include="Header Files\ast">
      <UniqueIdentifier>{8683e678-f4fd-4b2c-be44-10a6ec24f539}</UniqueIdentifier>
    </Filter>
  </ItemGroup>
  <ItemGroup>
    <Text Include="ReadMe.txt" />
  </ItemGroup>
  <ItemGroup>
    <ClInclude Include="stdafx.h">
      <Filter>Header Files</Filter>
    </ClInclude>
    <ClInclude Include="targetver.h">
      <Filter>Header Files</Filter>
    </ClInclude>
    <ClInclude Include="lexer.h">
      <Filter>Header Files</Filter>
    </ClInclude>
    <ClInclude Include="lexer_token.h">
      <Filter>Header Files</Filter>
    </ClInclude>
    <ClInclude Include="parser.h">
      <Filter>Header Files</Filter>
    </ClInclude>
    <ClInclude Include="func_decl_node.h">
      <Filter>Header Files\ast</Filter>
    </ClInclude>
    <ClInclude Include="func_node.h">
      <Filter>Header Files\ast</Filter>
    </ClInclude>
    <ClInclude Include="var_decl_expr_node.h">
      <Filter>Header Files\ast</Filter>
    </ClInclude>
    <ClInclude Include="var_expr_node.h">
      <Filter>Header Files\ast</Filter>
    </ClInclude>
    <ClInclude Include="assign_expr_node.h">
      <Filter>Header Files\ast</Filter>
    </ClInclude>
    <ClInclude Include="return_expr_node.h">
      <Filter>Header Files\ast</Filter>
    </ClInclude>
    <ClInclude Include="bin_expr_node.h">
      <Filter>Header Files\ast</Filter>
    </ClInclude>
    <ClInclude Include="compiler_err_logger.h">
      <Filter>Header Files</Filter>
    </ClInclude>
    <ClInclude Include="compiler_logger.h">
      <Filter>Header Files</Filter>
    </ClInclude>
    <ClInclude Include="enkel_runtime.h">
      <Filter>Header Files</Filter>
    </ClInclude>
    <ClInclude Include="enkel_module.h">
      <Filter>Header Files</Filter>
    </ClInclude>
    <ClInclude Include="base_node.h">
      <Filter>Header Files\ast</Filter>
    </ClInclude>
    <ClInclude Include="block_node.h">
      <Filter>Header Files\ast</Filter>
    </ClInclude>
    <ClInclude Include="module_node.h">
      <Filter>Header Files\ast</Filter>
    </ClInclude>
    <ClInclude Include="param_node.h">
      <Filter>Header Files\ast</Filter>
    </ClInclude>
    <ClInclude Include="assignment_stmt_node.h">
      <Filter>Header Files\ast</Filter>
    </ClInclude>
    <ClInclude Include="module_elem_node.h">
      <Filter>Header Files\ast</Filter>
    </ClInclude>
    <ClInclude Include="base_ast_visitor.h">
      <Filter>Header Files\ast</Filter>
    </ClInclude>
    <ClInclude Include="print_visitor.h">
      <Filter>Header Files</Filter>
    </ClInclude>
    <ClInclude Include="param_list_node.h">
      <Filter>Header Files\ast</Filter>
    </ClInclude>
    <ClInclude Include="variant_datatype.h">
      <Filter>Header Files</Filter>
    </ClInclude>
    <ClInclude Include="exec_visitor.h">
      <Filter>Header Files</Filter>
    </ClInclude>
    <ClInclude Include="nodes.h">
      <Filter>Header Files</Filter>
    </ClInclude>
    <ClInclude Include="expr_node.h">
      <Filter>Header Files\ast</Filter>
    </ClInclude>
    <ClInclude Include="scope_context.h">
      <Filter>Header Files</Filter>
    </ClInclude>
    <ClInclude Include="rt_var.h">
      <Filter>Header Files</Filter>
    </ClInclude>
    <ClInclude Include="enkel_stl.h">
      <Filter>Header Files</Filter>
    </ClInclude>
    <ClInclude Include="call_expr_node.h">
      <Filter>Header Files\ast</Filter>
    </ClInclude>
    <ClInclude Include="func_transform_visitor.h">
      <Filter>Header Files</Filter>
    </ClInclude>
    <ClInclude Include="const_expr_node.h">
      <Filter>Header Files\ast</Filter>
    </ClInclude>
  </ItemGroup>
  <ItemGroup>
    <ClCompile Include="stdafx.cpp">
      <Filter>Source Files</Filter>
    </ClCompile>
    <ClCompile Include="Enkel.Compiler.cpp">
      <Filter>Source Files</Filter>
    </ClCompile>
    <ClCompile Include="lexer.cpp">
      <Filter>Source Files</Filter>
    </ClCompile>
    <ClCompile Include="lexer_token.cpp">
      <Filter>Source Files</Filter>
    </ClCompile>
    <ClCompile Include="parser.cpp">
      <Filter>Source Files</Filter>
    </ClCompile>
    <ClCompile Include="compiler_err_logger.cpp">
      <Filter>Source Files</Filter>
    </ClCompile>
    <ClCompile Include="enkel_runtime.cpp">
      <Filter>Source Files</Filter>
    </ClCompile>
    <ClCompile Include="enkel_module.cpp">
      <Filter>Source Files</Filter>
    </ClCompile>
    <ClCompile Include="print_visitor.cpp">
      <Filter>Source Files</Filter>
    </ClCompile>
    <ClCompile Include="variant_datatype.cpp">
      <Filter>Source Files</Filter>
    </ClCompile>
    <ClCompile Include="exec_visitor.cpp">
      <Filter>Source Files</Filter>
    </ClCompile>
    <ClCompile Include="scope_context.cpp">
      <Filter>Source Files</Filter>
    </ClCompile>
    <ClCompile Include="rt_var.cpp">
      <Filter>Source Files</Filter>
    </ClCompile>
    <ClCompile Include="enkel_stl.cpp">
      <Filter>Source Files</Filter>
    </ClCompile>
    <ClCompile Include="func_transform_visitor.cpp">
      <Filter>Source Files</Filter>
    </ClCompile>
  </ItemGroup>
</Project>