<?xml version="1.0" encoding="utf-8"?>
<Project ToolsVersion="4.0" xmlns="http://schemas.microsoft.com/developer/msbuild/2003">
  <ItemGroup>
    <Filter Include="Source Files">
      <UniqueIdentifier>{4FC737F1-C7A5-4376-A066-2A32D752A2FF}</UniqueIdentifier>
      <Extensions>cpp;c;cc;cxx;def;odl;idl;hpj;bat;asm;asmx</Extensions>
    </Filter>
    <Filter Include="Header Files">
      <UniqueIdentifier>{93995380-89BD-4b04-88EB-625FBE52EBFB}</UniqueIdentifier>
      <Extensions>h;hh;hpp;hxx;hm;inl;inc;xsd</Extensions>
    </Filter>
    <Filter Include="Resource Files">
      <UniqueIdentifier>{67DA6AB6-F800-4c08-8B7A-83BB121AAD01}</UniqueIdentifier>
      <Extensions>rc;ico;cur;bmp;dlg;rc2;rct;bin;rgs;gif;jpg;jpeg;jpe;resx;tiff;tif;png;wav;mfcribbon-ms</Extensions>
    </Filter>
    <Filter Include="Header Files\ast">
      <UniqueIdentifier>{64cb5ab5-8b10-4e06-adca-f2bae75eb41c}</UniqueIdentifier>
    </Filter>
  </ItemGroup>
  <ItemGroup>
    <ClCompile Include="src\rt_var.cpp">
      <Filter>Source Files</Filter>
    </ClCompile>
    <ClCompile Include="src\enkel_stl.cpp">
      <Filter>Source Files</Filter>
    </ClCompile>
    <ClCompile Include="src\compiler_err_logger.cpp">
      <Filter>Source Files</Filter>
    </ClCompile>
    <ClCompile Include="src\lexer_token.cpp">
      <Filter>Source Files</Filter>
    </ClCompile>
    <ClCompile Include="src\stdafx.cpp">
      <Filter>Source Files</Filter>
    </ClCompile>
    <ClCompile Include="src\exec_visitor.cpp">
      <Filter>Source Files</Filter>
    </ClCompile>
    <ClCompile Include="src\variant_datatype.cpp">
      <Filter>Source Files</Filter>
    </ClCompile>
    <ClCompile Include="src\parser.cpp">
      <Filter>Source Files</Filter>
    </ClCompile>
    <ClCompile Include="src\lexer.cpp">
      <Filter>Source Files</Filter>
    </ClCompile>
    <ClCompile Include="src\func_transform_visitor.cpp">
      <Filter>Source Files</Filter>
    </ClCompile>
    <ClCompile Include="src\print_visitor.cpp">
      <Filter>Source Files</Filter>
    </ClCompile>
    <ClCompile Include="src\enkel_runtime.cpp">
      <Filter>Source Files</Filter>
    </ClCompile>
    <ClCompile Include="src\enkel_module.cpp">
      <Filter>Source Files</Filter>
    </ClCompile>
    <ClCompile Include="src\scope_context.cpp">
      <Filter>Source Files</Filter>
    </ClCompile>
  </ItemGroup>
  <ItemGroup>
    <ClInclude Include="include\compiler_err_logger.h">
      <Filter>Header Files</Filter>
    </ClInclude>
    <ClInclude Include="include\compiler_logger.h">
      <Filter>Header Files</Filter>
    </ClInclude>
    <ClInclude Include="include\enkel_module.h">
      <Filter>Header Files</Filter>
    </ClInclude>
    <ClInclude Include="include\enkel_runtime.h">
      <Filter>Header Files</Filter>
    </ClInclude>
    <ClInclude Include="include\enkel_stl.h">
      <Filter>Header Files</Filter>
    </ClInclude>
    <ClInclude Include="include\exec_visitor.h">
      <Filter>Header Files</Filter>
    </ClInclude>
    <ClInclude Include="include\func_transform_visitor.h">
      <Filter>Header Files</Filter>
    </ClInclude>
    <ClInclude Include="include\lexer.h">
      <Filter>Header Files</Filter>
    </ClInclude>
    <ClInclude Include="include\lexer_token.h">
      <Filter>Header Files</Filter>
    </ClInclude>
    <ClInclude Include="include\nodes.h">
      <Filter>Header Files</Filter>
    </ClInclude>
    <ClInclude Include="include\parser.h">
      <Filter>Header Files</Filter>
    </ClInclude>
    <ClInclude Include="include\print_visitor.h">
      <Filter>Header Files</Filter>
    </ClInclude>
    <ClInclude Include="include\rt_var.h">
      <Filter>Header Files</Filter>
    </ClInclude>
    <ClInclude Include="include\scope_context.h">
      <Filter>Header Files</Filter>
    </ClInclude>
    <ClInclude Include="include\stdafx.h">
      <Filter>Header Files</Filter>
    </ClInclude>
    <ClInclude Include="include\targetver.h">
      <Filter>Header Files</Filter>
    </ClInclude>
    <ClInclude Include="include\variant_datatype.h">
      <Filter>Header Files</Filter>
    </ClInclude>
    <ClInclude Include="include\ast\bin_expr_node.h">
      <Filter>Header Files\ast</Filter>
    </ClInclude>
    <ClInclude Include="include\ast\block_node.h">
      <Filter>Header Files\ast</Filter>
    </ClInclude>
    <ClInclude Include="include\ast\call_expr_node.h">
      <Filter>Header Files\ast</Filter>
    </ClInclude>
    <ClInclude Include="include\ast\const_expr_node.h">
      <Filter>Header Files\ast</Filter>
    </ClInclude>
    <ClInclude Include="include\ast\expr_node.h">
      <Filter>Header Files\ast</Filter>
    </ClInclude>
    <ClInclude Include="include\ast\func_decl_node.h">
      <Filter>Header Files\ast</Filter>
    </ClInclude>
    <ClInclude Include="include\ast\func_node.h">
      <Filter>Header Files\ast</Filter>
    </ClInclude>
    <ClInclude Include="include\ast\module_elem_node.h">
      <Filter>Header Files\ast</Filter>
    </ClInclude>
    <ClInclude Include="include\ast\module_node.h">
      <Filter>Header Files\ast</Filter>
    </ClInclude>
    <ClInclude Include="include\ast\param_list_node.h">
      <Filter>Header Files\ast</Filter>
    </ClInclude>
    <ClInclude Include="include\ast\param_node.h">
      <Filter>Header Files\ast</Filter>
    </ClInclude>
    <ClInclude Include="include\ast\return_expr_node.h">
      <Filter>Header Files\ast</Filter>
    </ClInclude>
    <ClInclude Include="include\ast\var_decl_expr_node.h">
      <Filter>Header Files\ast</Filter>
    </ClInclude>
    <ClInclude Include="include\ast\var_expr_node.h">
      <Filter>Header Files\ast</Filter>
    </ClInclude>
    <ClInclude Include="include\ast\assign_expr_node.h">
      <Filter>Header Files\ast</Filter>
    </ClInclude>
    <ClInclude Include="include\ast\assignment_stmt_node.h">
      <Filter>Header Files\ast</Filter>
    </ClInclude>
    <ClInclude Include="include\ast\base_ast_visitor.h">
      <Filter>Header Files\ast</Filter>
    </ClInclude>
    <ClInclude Include="include\ast\base_node.h">
      <Filter>Header Files\ast</Filter>
    </ClInclude>
  </ItemGroup>
</Project>